
Microsoft Visual Studio Solution File, Format Version 12.00
# Visual Studio Version 17
VisualStudioVersion = 17.3.32901.215
MinimumVisualStudioVersion = 10.0.40219.1
Project("{FAE04EC0-301F-11D3-BF4B-00C04F79EFBC}") = "PrisionBreak", "PrisionBreak\PrisionBreak.csproj", "{926B2898-944D-42BA-931E-A5D72C9502E6}"
EndProject
Project("{FAE04EC0-301F-11D3-BF4B-00C04F79EFBC}") = "PrisionBreak.Tests", "PrisionBreak.Tests\PrisionBreak.Tests.csproj", "{F936CF77-3630-4AE8-B7F1-66C866A9357A}"
EndProject
Global
	GlobalSection(SolutionConfigurationPlatforms) = preSolution
		Debug|Any CPU = Debug|Any CPU
		Release|Any CPU = Release|Any CPU
	EndGlobalSection
	GlobalSection(ProjectConfigurationPlatforms) = postSolution
		{926B2898-944D-42BA-931E-A5D72C9502E6}.Debug|Any CPU.ActiveCfg = Debug|Any CPU
		{926B2898-944D-42BA-931E-A5D72C9502E6}.Debug|Any CPU.Build.0 = Debug|Any CPU
		{926B2898-944D-42BA-931E-A5D72C9502E6}.Release|Any CPU.ActiveCfg = Release|Any CPU
		{926B2898-944D-42BA-931E-A5D72C9502E6}.Release|Any CPU.Build.0 = Release|Any CPU
		{F936CF77-3630-4AE8-B7F1-66C866A9357A}.Debug|Any CPU.ActiveCfg = Debug|Any CPU
		{F936CF77-3630-4AE8-B7F1-66C866A9357A}.Debug|Any CPU.Build.0 = Debug|Any CPU
		{F936CF77-3630-4AE8-B7F1-66C866A9357A}.Release|Any CPU.ActiveCfg = Release|Any CPU
		{F936CF77-3630-4AE8-B7F1-66C866A9357A}.Release|Any CPU.Build.0 = Release|Any CPU
	EndGlobalSection
	GlobalSection(SolutionProperties) = preSolution
		HideSolutionNode = FALSE
	EndGlobalSection
	GlobalSection(ExtensibilityGlobals) = postSolution
		SolutionGuid = {7593D80A-F92C-4055-8BDD-E3D39C861794}
	EndGlobalSection
EndGlobal
